# This file was autogenerated by uv via the following command:
#    uv pip compile recam_refine/requirements-viewer.txt --python-version 3.11 --universal --generate-hashes -o recam_refine/requirements-viewer.lock
certifi==2026.7.22 \
    --hash=sha256:62f22742b58a1a33014a2b6b706588a8d7e2a88ae7bd1a6ebe8c992928483775 \
    --hash=sha256:741e2c3b351ddf169a738da9f2c048608ff7f2c5cc02f1ebc6b118bb090d5d55
    # via requests
charset-normalizer==3.5.1 \
    --hash=sha256:00668ebb0609751758682eb0b5857e7c35b9f00e84dfdef062e103244ec94d45 \
    --hash=sha256:012a22b88a77ca2e59b98ac5889b0deb604147666032f45e6d6e217634d2550d \
    --hash=sha256:01e93745f7f219b703b60ba7afead36cfc4242782be5af484673fc500df12da5 \
    --hash=sha256:04368edf83514385ffc3e1cfd4546e595f4f1272dd23ba437a93a9cc3741d47b \
    --hash=sha256:0722590aabf9dc6a6c0343d523c05458fa2b5047dbe6302fd526bb570600753f \
    --hash=sha256:07ffd07412fc5d5e84cd8952acf9ff7e4ed7a708e69d1bada19d8ba91711353f \
    --hash=sha256:09a7bba9f739468c8e78c36a75c33768e53cb1959fc638f510454c14683f00d5 \
    --hash=sha256:0b2b1b3fa5670c127b246df1d0c059defd41f689a868a3b9d79df9b1cac42d22 \
    --hash=sha256:0c6dfb5ca6723eeed15aa8e564a014d69fcb8812f94eef11fe3631e0508199f5 \
    --hash=sha256:0d929fc574b4d6fd9e7c0f5c2ede8716a41911923aa7fa5fce38e0818aa4a1ac \
    --hash=sha256:13e3afe97712e8887cd516e960c63f0b93122971e5b5e4b2622fe7701771e838 \
    --hash=sha256:15f024313246a4ed976c60f440bb8d257815513a681d212ff74fd46f7d715a90 \
    --hash=sha256:195ce897c6153c0700078142cf8efe3e6454ca4cf4357499e4078dfd83396626 \
    --hash=sha256:19a3dd5aa73cef1c99687c4fc57db016a9c17104ae1185da88ba566a5d3bebe4 \
    --hash=sha256:1d1c7a53a6c2103925cdd6d7229f8c567379f211c869793df679f2e9f738c369 \
    --hash=sha256:1f5883d77fd409a261abb5dc8ccbe335720d798b1de4abb3b1d47ccbbc76b53b \
    --hash=sha256:21b82d8082f6f5e7f456ef0bd16323d08de1266efbfeb476e64b2a91d1471a4e \
    --hash=sha256:252d099029bcbea642f2a06c4ed5046bdf8b5a8150b64afa5e027e88b106e5ee \
    --hash=sha256:256dd4d85d9e4dc595e2bc983c980e73f62ddeb3165c58b4c3dfe78c5c8548c1 \
    --hash=sha256:26422d45fd13551cf564c58932f7d72b4f58b93b0fcf18c35ba6be12b46bb102 \
    --hash=sha256:2679de311c7946dde5d3b6f44941844133ff5c7cb86099c0061ab1e8901c20a8 \
    --hash=sha256:29880d17a8eb0b5cfdfd8944b468322928059aa35f1f5fa8ff22b149ec0b42f8 \
    --hash=sha256:2bced4061f000f7187254a02ad3433ae17eaf991747ceea2f478422590a5bba9 \
    --hash=sha256:2e9cf9253119d8e5d111f05d71626786fd3d6193817316eab1ca088cdb8593cf \
    --hash=sha256:2f06b7eae9dbe77fe1d644ca244dad508de8d302870a43f3c559b521270938a0 \
    --hash=sha256:2f293479cce755c75f1697e87c409b7ae4c555c7dfecb6e988ad13abba943031 \
    --hash=sha256:329fc3ccb63ad22d867d84c2adea759a64079a37ba4a343433b02c7a2816871e \
    --hash=sha256:343fb4f2821043bd87095f7b08a1a181febc8e36ac64212143bbfd0a0e1bc235 \
    --hash=sha256:3588e376b3ea2eea84976f67273d679f229e24c66dce7b82ae45aef04ff6e072 \
    --hash=sha256:35aea775dc2bd5f54cd84a1cd2696cc3207c479cb9cf0bd346f0d343e4300ddb \
    --hash=sha256:35fe081843b35aad20ffeccec3eeffbe637b15d14f3fb22cc1b59cd8ec17e93c \
    --hash=sha256:36047af20e17097c3bb9476c2b7655f2f7aa51322c0ba58c07695bedf755a950 \
    --hash=sha256:3617ac3cfd8b9888f145ad89dd6e692285834b0201c6074a5eeaad3fd4d668c2 \
    --hash=sha256:366ec70f5547c640d3ce1985722490f23faf4eb5216a7eeba78277490e78dacb \
    --hash=sha256:394fea06235c8543390050ed5f529187074b029fb027213f6c46ac11ab5d950e \
    --hash=sha256:3d27167433c0d5f18dc850f07d0b3816221984fecdc405d6c157a6f0b8f8e9e6 \
    --hash=sha256:3e5e1224c0a6a90e05843e07adfec669edebec17801c67072f51e59561d63c0b \
    --hash=sha256:41876ee62a3dddf48ff1121ad8f0798032aa03f2fd35f21f34a4cab14f18d8d2 \
    --hash=sha256:433c5a81eade63b47e522303bad236f59dba55ea6951746f5558355eeed8c75d \
    --hash=sha256:4582c27e8c889d64811987b5967fbd3ae0c823fe1fd933b543d55ac20bb475fa \
    --hash=sha256:485a0d363cafefcd2538a73c7c838daa2035f09b2c9f9b5e3133f80c6aeb84c2 \
    --hash=sha256:494b70049a4d69aec6e8137c13af4cf8db8c9f9820a1392ac293b0dd2987a818 \
    --hash=sha256:496846868fea80e479324862fa877f02411f2fd0f83b79ccee2607aa68b2a032 \
    --hash=sha256:4abdc5f9ad448c1ecbfae2974b820535d6bc6e7eef63babbab3d81cf46968c71 \
    --hash=sha256:4b599739b93b2cbeded49645ae3c8d1405c29ddfbceac1545c87a3f9580a9e96 \
    --hash=sha256:4bea7f8ebe90bbd7f0e4a2de42ca6924ba23e3e76418c408ff82f1d46fabd687 \
    --hash=sha256:4c4fb141a727957c93edfe5c32a26ceb6b5f6461d67146e2d39f51e16170bea8 \
    --hash=sha256:4c9548dc78002099910abaebc0a72ac58b7d30931869e0351c09b507dff4ece3 \
    --hash=sha256:4d26f14f041e83dd8edfd61f4cd4fa7285d31798b5bf1f28e70c367ba6c41d61 \
    --hash=sha256:4f298bdadb8f0b9e5672877f647d1be9373ef5320c9e2f049795e26cad28b6a9 \
    --hash=sha256:52ec005752a56ae79547a05c0139ca2501a0c866390b6115008456b9f0e7cde1 \
    --hash=sha256:55261ac0d2941c42f196dd576f543d87a8ee03cd6f5e30dfb4d807b2e3b9121a \
    --hash=sha256:56490c595a28b1bb27dfc583e816152a9767721ef58b2c03b13f954d2f707420 \
    --hash=sha256:58d3e12c88e0950bca850ae1f7c256055c097639c2edb9eb123af9807d8b15e4 \
    --hash=sha256:58d4aa13a59c969dbfdf9e6a9560e242cbfd9e8a8f50c2747714df1a423adf65 \
    --hash=sha256:59171c6e45bf07d0d5cab3b0bf81d945035530f6873398b3b531c31184d46663 \
    --hash=sha256:5b6d1386bf0096d26d3a863dc0a487a5b4eb9aa93cf5ba69683d29dde6b9d60f \
    --hash=sha256:5c0ea61a470e070686aa30892fed79e297d2c8d0ab46b8bcdf027d38c51da591 \
    --hash=sha256:5c84bec0ab5ae0c64bfe73a7d2adcb5ce73b467523fc27fd6a28ab2aa6cbe35a \
    --hash=sha256:5ca0555312ae2fe82715cada7fac375530c2f3349e1eaa1bcb33d0283ac79a18 \
    --hash=sha256:5d8531a6569d025f68e2321e7638fb7978f23db58e5f69f56913837aae03816e \
    --hash=sha256:5e2d0e146dcb57034f8b97dc58d2d512cb90aba253960ce449f695fec6a82c6f \
    --hash=sha256:5fc45d653ea8c9a20479167e11d4a0f8cb2fa3470737ab6f9c827532313187b7 \
    --hash=sha256:6117b84ea48435e5356dc737f5121485c30920ba43375fa7b434fd753df0eac3 \
    --hash=sha256:6199d5606e2bbf2b096cf64d03f8b6790c91081d5ac866b8e7bb6422738cc60c \
    --hash=sha256:62b55f6722735a6c472f88361cde6640608773d9443cebdbb51abf436a1fcdd3 \
    --hash=sha256:687c9ca3035544b113bea2055e180af96fb63c0c476e22a9180f51925186e7b7 \
    --hash=sha256:6b7430cf5728e68f6c462254009a6ef4086e1bea43cf2f57aa9c55fb4f50ff96 \
    --hash=sha256:6ba32c4d2abf1d2fe7cf27d280f4cca5664233b0f885549c7761719eb977f486 \
    --hash=sha256:6c9cdde8becb25a7fde49924511aa2644d6f8081cc8df8e9452724303348d8e3 \
    --hash=sha256:6df0ec430f9a831772c23ca5a224cba36517a58a84bb32c32bb59a9fa67c47f6 \
    --hash=sha256:6e2912d4babbc65196ac13c2f53468dc57fb8b9c25ef913e8c59ddf7c6dc0e1b \
    --hash=sha256:6e5e4d73d588ca5ed09df1b7dcd1b203d1df3c542e3f50d126c947d432b10731 \
    --hash=sha256:70055ff39b97c99e7ae40ea3e393fb62aa2e44dbd9b29f8d14f42fb0025c3959 \
    --hash=sha256:706bfd38730a5ac7a365793269a00f4e988178cec121391f4248d84ad8c972e9 \
    --hash=sha256:7235dc28fc6dd9d832ac7c7bce95367dedb85929f17368a0c2bee1e080b9acbf \
    --hash=sha256:774d157f112367ff4abd29019f38f023c24e00e56edc7829c20e358a5a913ad8 \
    --hash=sha256:77efcff2b23071c349402ac1066667a3d011f62398d81408c9b88ad991747c9e \
    --hash=sha256:789b8982559ae28dad2356519f841655756cdcd96616410590ae0b17454ee64f \
    --hash=sha256:7ac76cf9afd34929d76eb7fcb63be476a4853d8a96f0dcf2d0db68a0cbdf9885 \
    --hash=sha256:7c0c10730342b0c9b35dd1d619beb8214e520bd96a1f870f452680b238aab3e0 \
    --hash=sha256:823f82903d189af463d7df250ef1f7f696f3cee08cc8d91deb565e8d425f6506 \
    --hash=sha256:838648accb3a7fd9803fd45c87bce8509648eb0c11bc34e216141300977244f2 \
    --hash=sha256:854066be00447fa8de2ccbbe893e2ffc4b123ef16d897af794c1e18bd4a714b0 \
    --hash=sha256:85d5855daafc240cc045c026d7a15fd198a09b0fc8ff6f5ecbb5297b509cb11e \
    --hash=sha256:85de3134b5379856e323ba37c19c9256d39425f7b76a63af52b09fb4664c2e8f \
    --hash=sha256:87e4f41d375c0b9be2fb5251aee4b8a689169e134535aed81bf085c3b647451e \
    --hash=sha256:88ca277405c2d3b71c4e1c2ee0e7966e807bcba86a69d11e19ba199d18ae4491 \
    --hash=sha256:88e85ab89cb822c1e635f51d6d32e488f94e002e70e2f492bdb8b945543f345a \
    --hash=sha256:8ac8c94b6539074e0f40899301273ac8402b9b3e01c7b7ba269ff30340aaaf20 \
    --hash=sha256:8fe532b3c966d1fb794e0698e4589d0444017ae77fc0b31edea13c0e35bcc449 \
    --hash=sha256:9085f87b0e38a2b92b8923059b4e8789fe40d9279712d15dcc670048d77079af \
    --hash=sha256:90b7481fb62fbe172c558bc6fd1c4c98d82004a54a7551f20e11ac9bf0b8708c \
    --hash=sha256:92caef967d287a407085d61176fce4012b1dd62daed4eb6d5ceb26d3d2538712 \
    --hash=sha256:9362dd90aa7dab48c0054a21187791ccf05473f7dba5d92b8033ae62164675e7 \
    --hash=sha256:94d78ecec2605a8d0398b0f365d5f12a63248438516f5dac536a5eff7337df4a \
    --hash=sha256:94fbf1c0c6cc0d3d5e50f9a9313a8cdca90dd696d34b381cd1704f8c9e939f20 \
    --hash=sha256:950f23cb393f85543777b0433f082cddd25b51ab398eac7971146495679efe5f \
    --hash=sha256:96eefc178f8636b9c760c5829345307fd81cfae9ab1e80997dbddeb0f54ee9a3 \
    --hash=sha256:96fef3e886d6a9874b14f27fc193fbdc69d5d8035783d86aa4e1cea594e695f9 \
    --hash=sha256:977cdbd483a9cff38179bea4fd754289a6f2195c7abd414aba85410b3e66cc5e \
    --hash=sha256:978eab16f55b4ab2c2a745be9a0a840bf8f09a7f227d9c76eb30214d078865a5 \
    --hash=sha256:994e883d17c559cdfd38c84003c8b27d25424a1077272a17e7cd27bfe0bf57b2 \
    --hash=sha256:9ac4444d8d4fd4c4bd08bf451ed3167aa9e7ec6cdb41b648794f1d1103652e36 \
    --hash=sha256:9b5db6052055d34d41230fb78d7c439c23dc536a9896f6cb039e8dd92cfc1263 \
    --hash=sha256:9d9a0dc7cbe9bec24c3f767c9122c41fe5a1bc43f47cd099d00d393e09769de4 \
    --hash=sha256:9dbdd9205662134957cf0c324f639bdc5031c0ca056e2369e238db75187c0f11 \
    --hash=sha256:9eea3ab2597a5e65fe65296e2d6a84570845a6b55532d90333d740d48bbc850a \
    --hash=sha256:a2028475ba855475b8b4d3cfeb4994269c967aea8b9892dfba907f4263a863a3 \
    --hash=sha256:a3a370082ce34d0612f421e15fe011c53bb1feff21a26d06ad4fb244dab5a375 \
    --hash=sha256:a545775cfe815855ea32d7c27731d79da358ef2055b4a25830231b1622dd18aa \
    --hash=sha256:a5cbd90ecf0fc62e64726917ad083b73001f0563657a87ec3c0b504e277dc90d \
    --hash=sha256:a6d095662e73e74f0a49988e0593373e243e3a52e27bfeea0a859e88acf4a0f5 \
    --hash=sha256:a6dac12ff6b846103483683f60c5f8fee205121adc58ffd87e90a90a3af69e99 \
    --hash=sha256:a951ad59cad9145664a730d3036b40b844e74d2d3683da40111463cd3a83845d \
    --hash=sha256:aa1099b956fb795e686d073568f6dc002a0bb89765ea6d5b055dd7d9bf1b116c \
    --hash=sha256:aa2bb0b37202dca27175591f761108b5d34096ade1191ffe4808bdf6b1571488 \
    --hash=sha256:aae2ee51122d3ae968a3837d97dc24a0aeebb0dea23694422cd172bd30017cd6 \
    --hash=sha256:ab743e9bc90c1f73552ec33e10e3331315acd2c397b36065b591b0181de533cc \
    --hash=sha256:ac00177c4831ffa650f8609e4bdddd5fe09c03b1c0c47acece7e6ea20421598b \
    --hash=sha256:ac13b004224fb341e1e25a1ed5e19d32f57cdb2a403e01f003b46f051a550f6f \
    --hash=sha256:acaf604462bf330b0d07e7a07c1d6e4adac79e5fb13e9c5140590542cafacc00 \
    --hash=sha256:ae31a1a1db2ee6cc2942fccaf695c934bc7f3db9f2133a3fef1f367cf1a4ab10 \
    --hash=sha256:ae4a097991662cd4fff0ddc74e0fe7874f82e00042fa0ea00855645ed0c79598 \
    --hash=sha256:aea996a6aba25260827c9ea511d1addfde2da9eb686ac961838509086188b7e6 \
    --hash=sha256:b39b69b347e5e47a3b5b8cfc005c68c1ba347474e3960236c4944a8ecd174962 \
    --hash=sha256:b54e7e13267d49ffbfe68e25b3cbd774dab38fa37238f71265e91b36146eb21c \
    --hash=sha256:b9af956078716df40d985fb0dfeb2c2120c5ca92ba4ff4b388acfd01cdc14d08 \
    --hash=sha256:ba2f37ee79e6338845261a3c5b1784e5d1acdff2c0785b284f1b633033d136ab \
    --hash=sha256:ba501e667c17d8411f98e67a022d9604ef179aff0e459b7e292c796837c13573 \
    --hash=sha256:baf3775a2635e5a11fbd5e4e64ee69c7e86875d224a5c72aca4c141064589a90 \
    --hash=sha256:bb57753e36e4855b8ca375069482250a6246372331a3e4f3407eaebb007443f5 \
    --hash=sha256:bd6c173f04743d483881bffa1478d5a4624475b8cd1d2194956a75548e191c18 \
    --hash=sha256:be47f99644b208bff7766314013f9acf57b056b04191d570d68ad14022cf5b1d \
    --hash=sha256:c010f5581d9c612804cc59fcf7b524b707fbcb72828551237ab545bb5c7034af \
    --hash=sha256:c1dcc36dcb96abc02236e182d17e0f71430152a6c2c7447421da2d2dc144edea \
    --hash=sha256:c428c6c31eb5f4277d7f8eccaf767fbd548ddd5ce3c8b4f4cbbfab3d96b5904c \
    --hash=sha256:c658c50ac0c98cd755a2dd50b7977d3bca7df401dcc47fbdfa87db53ef7d4e8b \
    --hash=sha256:c71fb0d56c920c269cd3e2e3fe7c610e3f1fdb21a6ce60efa6430ff63676cea6 \
    --hash=sha256:c7b742bf31c88566b4bb6335a7f393bb322e580b6bb98df7bd0c25e6e3519ce8 \
    --hash=sha256:cc0329df4caaceb950d2f580b5ac716a377f7059624a0bafaeaf8a218c6ed774 \
    --hash=sha256:cc5d36d96478aa9c60654bd932525bf32964c62a7281eafdf16d85003a8d6004 \
    --hash=sha256:ce854f5f478050ade5a238731c4ca985a7d3b3cb53ff600a9b5c3b689b5f0a7a \
    --hash=sha256:ced3fdd71aaa83ce593746c2edb42b7a59cb4c19c8b5c407781c72e493aae55a \
    --hash=sha256:cee5dd7c6fb5dd52a0fe2a740f9bc6e3593f5f8b1788bde49de02086f30182b2 \
    --hash=sha256:cfa1c0cc3a8f9f53f1243a5a99ac36fd003880199383b37672e86ddda9cb07e2 \
    --hash=sha256:d1ee1e296209fdce05b81b663250eefa02213a2da7b41bf26f7829b8ba3545aa \
    --hash=sha256:d59b75732e9b6f27388e10c14b0259cc5f2e48c78627d185e6a177b58ad3cffe \
    --hash=sha256:d63600d620ad0064c3a748b950ac5ea38a80190e5498532efefa4b7b3f1da1f3 \
    --hash=sha256:dd732602a7009217f658d5863d12d79d373a4de0eebc111094bcdd3bb8e0a6cc \
    --hash=sha256:e06efa066f7dbadbc84ebc126a97c452a6451dfcf589d89d788484949e1cf795 \
    --hash=sha256:e199fb99720074809a7720f1c0b4d919eea8b87e88713e0f8f602f7bef543d9d \
    --hash=sha256:e4b018dc5a0eee4676e38fe84a47a427816c590b93b55d9025274ec4d6ffc2dc \
    --hash=sha256:e6621fb2a4988d6e53eedc455e5903e2679f3967b8acb3d639f1b63c14a2e893 \
    --hash=sha256:e71c909f353863b2b89c83de2ebed71ea6d0df8a6ef65a128193c5e650766bef \
    --hash=sha256:e90251c0c7bdd54a100a0dce3c07b7e637278c93af29dbf78ebb89a58c4bac7d \
    --hash=sha256:e9fbdce1e47394b09bc9f26ab117dfc8d6491977a11d86f592bb42c779db2fda \
    --hash=sha256:eb12fb2ba69ffa05f8695f61c69e591dc4b4a12ac3757ac8af8adb259bf56d17 \
    --hash=sha256:eda059b6bc8bc0812d626fd91a7ce01bf583df0a61296eff390fd94141a34e30 \
    --hash=sha256:f03ac127268b43ef4fe9e6ab6794a6794b49485a0cc0c1db79876d2f33f75bc7 \
    --hash=sha256:f298e218441525d3794428b4c8b8fb8662c6d3ea79925d4807ee6b9a96a3bca5 \
    --hash=sha256:f5542f9b941279d82d41eb0aa9f98eba36fe4df5c7086c651df7944935b37182 \
    --hash=sha256:f6f7deae3feb4edfa2efaf7c574fe88cbf055038a6abdb40188e4fff66d5699f \
    --hash=sha256:f9b1e28d0e8dbfa858abdba91d6b547beaf2df1a59bec6da6faae7b96a4991a9 \
    --hash=sha256:f9f8405c2c758532c74fed975dbee57be1f31a6e865c031870c79a6ed3212ada \
    --hash=sha256:fa48b1b63d639f9483e0633e092f5851e2348c352f1f9bb6c8182f87884ef876 \
    --hash=sha256:fb78f6e7fcd8ad785d28cd577168bc1aaee827b25bb8755638f694794ea98f0a \
    --hash=sha256:fbc597639158fd7c14d55e808718848319540f51b0e6746e3eefa59723a4a348 \
    --hash=sha256:fce8cbd4997efeb450bd298b54f755dcdff18d496f7a5ddbb4867c6d7c88fdc3 \
    --hash=sha256:fd0350afdc3aabd5576f60ea109228bd5538139713c7b094c5cd27c73a98bc6f \
    --hash=sha256:fd0a274c0e5f9a21565cd9d3dd749b61f96b7aa1e20a93aa1ba4029518f2e5c0 \
    --hash=sha256:fdb8a068947befafba9952162645dc2fecaeb400e64584829ed5e9b2fbe21a7f
    # via requests
colorama==0.4.6 ; sys_platform == 'win32' \
    --hash=sha256:08695f5cb7ed6e0531a20572697297273c47b8cae5a63ffc6d6ed5c201be6e44 \
    --hash=sha256:4f1d9991f5acc0ca119f9d443620b77f9d6b33703e51011c16baf57afb285fc6
    # via tqdm
idna==3.19 \
    --hash=sha256:5e0811a4383b21dc5838069f801c4fb62113b7447663d2530d2bd6e77b49bf15 \
    --hash=sha256:815e7be7a7806d54abb586dc943addc79e8b2ee16915059658cbeff4b1b43bf4
    # via requests
imageio==2.37.4 \
    --hash=sha256:1ab2e22c8debf700f24c3ac43e8f95f3b3a8110c83b93411e97b4b0b2cd1c7e6 \
    --hash=sha256:e45cbc5e83502047fb138f7f585f7f105a136a57eea5f4b3cfc6ce1b52720bd3
    # via viser
markdown-it-py==4.2.0 \
    --hash=sha256:04a21681d6fbb623de53f6f364d352309d4094dd4194040a10fd51833e418d49 \
    --hash=sha256:9f7ebbcd14fe59494226453aed97c1070d83f8d24b6fc3a3bcf9a38092641c4a
    # via rich
mdurl==0.1.2 \
    --hash=sha256:84008a41e51615a49fc9966191ff91509e3c40b939176e643fd50a5c2196b8f8 \
    --hash=sha256:bb413d29f5eea38f31dd4754dd7377d4465116fb207585f97bf925588687c1ba
    # via markdown-it-py
msgspec==0.21.1 \
    --hash=sha256:0d03867786e5d7ba25d666df4b11320c27170f4aeafcb8e3a8b0a50a4fb742ca \
    --hash=sha256:0d1009f6715f5bff3b54d4ff5c7428ad96197e0534e1645b8e9b955890c84664 \
    --hash=sha256:0d2cc73df6058d811a126ac3a8ad63a4dfa210c82f9cf5a004802eaf4712de90 \
    --hash=sha256:15f523d51c00ebad412213bfe9f06f0a50ec2b93e0c19e824a2d267cabb48ea2 \
    --hash=sha256:1bf17cbd7b28a5dffc7e764c654eed8ccde5e0f1de7970628608304640d4ce4e \
    --hash=sha256:21995e74b5c598c2e004110ad66ec7f1b8c20bf2bcf3b2de8fd9a3094422d3ff \
    --hash=sha256:2313508e394b0d208f8f56892ca9b2799e2561329de9763b19619595a6c0f72c \
    --hash=sha256:344c7cd0eaed1fb81d7959f99100ef71ec9b536881a376f11b9a6c4803365697 \
    --hash=sha256:38fe93e86b61328fe544cb7fd871fad5a27c8734bfda90f65e5dbe288ae50f61 \
    --hash=sha256:3cb779ea0c35bc807ff941d415875c1f69ca0be91a2e907ab99a171811d86a9a \
    --hash=sha256:3d6b9dc50948eaf65df54d2fd0ff66e6d8c32f116037209ee861810eb9b676cb \
    --hash=sha256:42bb1241e0750c1a4346f2aa84db26c5ffd99a4eb3a954927d9f149ff2f42898 \
    --hash=sha256:4692b7c1609155708c4418f88e92f63c13fdf08aa095c84bae82bad75b53389b \
    --hash=sha256:48943e278b3854c2f89f955ddc6f9f430d3f0784b16e47d10604ee0463cd21f5 \
    --hash=sha256:49880fd20fdbcfe1b793f07dd83f12572bab679c9800352c8b2240289aa46a06 \
    --hash=sha256:4e47390360583ba3d5c6cb44cf0a9f61b0a06a899d3c2c00627cedebb2e2884b \
    --hash=sha256:5102c7e9b3acff82178449b85006d96310e690291bb1ea0142f1b24bcb8aabcb \
    --hash=sha256:52c5e21930942302394429c5a582ce7e6b62c7f983b3760834c2ce107e0dd6df \
    --hash=sha256:5666b1b560b97b6ec2eb3fca8a502298ebac56e13bbca1f88523538ce83d01ea \
    --hash=sha256:5d2d4116ebe3035a78d9ec76e99a9d64e5fa6d44fe61a9c5de7fd1acf54bcc69 \
    --hash=sha256:5f8e9dfcd98419cf7568808470c4317a3fb30bef0e3715b568730a2b272a20d7 \
    --hash=sha256:6129f0cca52992e898fd5344187f7c8127b63d810b2fd73e36fca73b4c6475ee \
    --hash=sha256:628aaa35c74950a8c59da330d7e98917e1c7188f983745782027748ee4ca573e \
    --hash=sha256:68604db36b3b4dd9bf160e436e12798a4738848144cea1aca1cb984011eb160f \
    --hash=sha256:6badc03b9725352219cca017bfe71c61f2fbd0fb5982b410ac17c97c213deb30 \
    --hash=sha256:72d9cd03241b8b2edb2e12dcc66c500fa480d8cbd71a8bac105809d468882064 \
    --hash=sha256:740fbf1c9d59992ca3537d6fbe9ebbf9eaf726a65fbf31448e0ecbc710697a63 \
    --hash=sha256:764173717a01743f007e9f74520ed281f24672c604514f7d76c1c3a10e8edb66 \
    --hash=sha256:846758412e9518252b2ac9bffd6f0e54d9ff614f5f9488df7749f81ff5c80920 \
    --hash=sha256:8bc666331c35fcce05a7cd2d6221adbe0f6058f8e750711413d22793c080ac6a \
    --hash=sha256:92d89dfad13bd1ea640dc3e37e724ed380da1030b272bdf5ecafb983c3ad7c75 \
    --hash=sha256:a9aa659ebb0101b1cbc31461212b87e341d961f0ab0772aaf068a99e001ec4aa \
    --hash=sha256:abbb39d65681fa24ed394e01af3d59d869068324f900c61d06062b7fb9980f2f \
    --hash=sha256:ae0162e22849a5e91eaad907766525107523b0daea3df267a9fcb5ba4e0936ae \
    --hash=sha256:b504b6e7f7a22a24b27232b73034421692147865162daaec9f3bf62439007c87 \
    --hash=sha256:c6faffe5bb644ec884052679af4dfd776d4b5ca90e4a7ec7e7e319e4e6b93a6e \
    --hash=sha256:d3124010b3815451494c85ff345e693cb9fe5889cfcbbef39ed8622e0e72319c \
    --hash=sha256:d4248cf0b6129b7d230eacd493c17cc2d4f3989f3bb7f633a928a85b7dcfa251 \
    --hash=sha256:d4ab834a054c6f0cbeef6df9e7e1b33d5f1bc7b86dea1d2fd7cad003873e783d \
    --hash=sha256:d8b8578e4c83b14ceea4cef0d0b747e31d9330fe4b03b2b2ad4063866a178f93 \
    --hash=sha256:dd677e3001fdfed9186de72eab434da2976303cd5eb9550921d3d0c3e3e168ce \
    --hash=sha256:ed2ab278200e743a1d2610a4e0c8fc74f6cecb8548544cdec43f927bd9265238 \
    --hash=sha256:ee9e3f11fa94603f7d673bf795cfa31b549c4a2c723bc39b45beb1e7f5a3fb99 \
    --hash=sha256:ef3ec2296248d1f8b9231acb051b6d471dfde8f21819e86c9adaaa9f42918521 \
    --hash=sha256:f041a2279f31e3a53319005e4d60ba77c085cfcbe394cdc7ce803c2d01fe9449 \
    --hash=sha256:f60800e6299b798142dc40b0644da77ceac5ea0568be58228417eae14135c847 \
    --hash=sha256:f667b90b37fad734a91671abd68e0d7f4d066862771b87e91c53996dcb7a9027 \
    --hash=sha256:f7b27d1a8ead2b6f5b0c4f2d07b8be1ccfcc041c8a0e704781edebe3ae13c484 \
    --hash=sha256:fab48eb45fdbfbdb2c0edfec00ffc53b6b6085beefc6b50b61e01659f9f8757f
    # via viser
numpy==1.26.4 \
    --hash=sha256:03a8c78d01d9781b28a6989f6fa1bb2c4f2d51201cf99d3dd875df6fbd96b23b \
    --hash=sha256:08beddf13648eb95f8d867350f6a018a4be2e5ad54c8d8caed89ebca558b2818 \
    --hash=sha256:1af303d6b2210eb850fcf03064d364652b7120803a0b872f5211f5234b399f20 \
    --hash=sha256:1dda2e7b4ec9dd512f84935c5f126c8bd8b9f2fc001e9f54af255e8c5f16b0e0 \
    --hash=sha256:2a02aba9ed12e4ac4eb3ea9421c420301a0c6460d9830d74a9df87efa4912010 \
    --hash=sha256:2e4ee3380d6de9c9ec04745830fd9e2eccb3e6cf790d39d7b98ffd19b0dd754a \
    --hash=sha256:3373d5d70a5fe74a2c1bb6d2cfd9609ecf686d47a2d7b1d37a8f3b6bf6003aea \
    --hash=sha256:47711010ad8555514b434df65f7d7b076bb8261df1ca9bb78f53d3b2db02e95c \
    --hash=sha256:4c66707fabe114439db9068ee468c26bbdf909cac0fb58686a42a24de1760c71 \
    --hash=sha256:50193e430acfc1346175fcbdaa28ffec49947a06918b7b92130744e81e640110 \
    --hash=sha256:52b8b60467cd7dd1e9ed082188b4e6bb35aa5cdd01777621a1658910745b90be \
    --hash=sha256:60dedbb91afcbfdc9bc0b1f3f402804070deed7392c23eb7a7f07fa857868e8a \
    --hash=sha256:62b8e4b1e28009ef2846b4c7852046736bab361f7aeadeb6a5b89ebec3c7055a \
    --hash=sha256:666dbfb6ec68962c033a450943ded891bed2d54e6755e35e5835d63f4f6931d5 \
    --hash=sha256:675d61ffbfa78604709862923189bad94014bef562cc35cf61d3a07bba02a7ed \
    --hash=sha256:679b0076f67ecc0138fd2ede3a8fd196dddc2ad3254069bcb9faf9a79b1cebcd \
    --hash=sha256:7349ab0fa0c429c82442a27a9673fc802ffdb7c7775fad780226cb234965e53c \
    --hash=sha256:7ab55401287bfec946ced39700c053796e7cc0e3acbef09993a9ad2adba6ca6e \
    --hash=sha256:7e50d0a0cc3189f9cb0aeb3a6a6af18c16f59f004b866cd2be1c14b36134a4a0 \
    --hash=sha256:95a7476c59002f2f6c590b9b7b998306fba6a5aa646b1e22ddfeaf8f78c3a29c \
    --hash=sha256:96ff0b2ad353d8f990b63294c8986f1ec3cb19d749234014f4e7eb0112ceba5a \
    --hash=sha256:9fad7dcb1aac3c7f0584a5a8133e3a43eeb2fe127f47e3632d43d677c66c102b \
    --hash=sha256:9ff0f4f29c51e2803569d7a51c2304de5554655a60c5d776e35b4a41413830d0 \
    --hash=sha256:a354325ee03388678242a4d7ebcd08b5c727033fcff3b2f536aea978e15ee9e6 \
    --hash=sha256:a4abb4f9001ad2858e7ac189089c42178fcce737e4169dc61321660f1a96c7d2 \
    --hash=sha256:ab47dbe5cc8210f55aa58e4805fe224dac469cde56b9f731a4c098b91917159a \
    --hash=sha256:afedb719a9dcfc7eaf2287b839d8198e06dcd4cb5d276a3df279231138e83d30 \
    --hash=sha256:b3ce300f3644fb06443ee2222c2201dd3a89ea6040541412b8fa189341847218 \
    --hash=sha256:b97fe8060236edf3662adfc2c633f56a08ae30560c56310562cb4f95500022d5 \
    --hash=sha256:bfe25acf8b437eb2a8b2d49d443800a5f18508cd811fea3181723922a8a82b07 \
    --hash=sha256:cd25bcecc4974d09257ffcd1f098ee778f7834c3ad767fe5db785be9a4aa9cb2 \
    --hash=sha256:d209d8969599b27ad20994c8e41936ee0964e6da07478d6c35016bc386b66ad4 \
    --hash=sha256:d5241e0a80d808d70546c697135da2c613f30e28251ff8307eb72ba696945764 \
    --hash=sha256:edd8b5fe47dab091176d21bb6de568acdd906d1887a4584a15a9a96a1dca06ef \
    --hash=sha256:f870204a840a60da0b12273ef34f7051e98c3b5961b61b0c2c1be6dfd64fbcd3 \
    --hash=sha256:ffa75af20b44f8dba823498024771d5ac50620e6915abac414251bd971b4529f
    # via
    #   -r recam_refine/requirements-viewer.txt
    #   imageio
    #   trimesh
    #   viser
pillow==11.1.0 \
    --hash=sha256:015c6e863faa4779251436db398ae75051469f7c903b043a48f078e437656f83 \
    --hash=sha256:0a2f91f8a8b367e7a57c6e91cd25af510168091fb89ec5146003e424e1558a96 \
    --hash=sha256:11633d58b6ee5733bde153a8dafd25e505ea3d32e261accd388827ee987baf65 \
    --hash=sha256:2062ffb1d36544d42fcaa277b069c88b01bb7298f4efa06731a7fd6cc290b81a \
    --hash=sha256:31eba6bbdd27dde97b0174ddf0297d7a9c3a507a8a1480e1e60ef914fe23d352 \
    --hash=sha256:3362c6ca227e65c54bf71a5f88b3d4565ff1bcbc63ae72c34b07bbb1cc59a43f \
    --hash=sha256:368da70808b36d73b4b390a8ffac11069f8a5c85f29eff1f1b01bcf3ef5b2a20 \
    --hash=sha256:36ba10b9cb413e7c7dfa3e189aba252deee0602c86c309799da5a74009ac7a1c \
    --hash=sha256:3764d53e09cdedd91bee65c2527815d315c6b90d7b8b79759cc48d7bf5d4f114 \
    --hash=sha256:3a5fe20a7b66e8135d7fd617b13272626a28278d0e578c98720d9ba4b2439d49 \
    --hash=sha256:3cdcdb0b896e981678eee140d882b70092dac83ac1cdf6b3a60e2216a73f2b91 \
    --hash=sha256:4637b88343166249fe8aa94e7c4a62a180c4b3898283bb5d3d2fd5fe10d8e4e0 \
    --hash=sha256:4db853948ce4e718f2fc775b75c37ba2efb6aaea41a1a5fc57f0af59eee774b2 \
    --hash=sha256:4dd43a78897793f60766563969442020e90eb7847463eca901e41ba186a7d4a5 \
    --hash=sha256:54251ef02a2309b5eec99d151ebf5c9904b77976c8abdcbce7891ed22df53884 \
    --hash=sha256:54ce1c9a16a9561b6d6d8cb30089ab1e5eb66918cb47d457bd996ef34182922e \
    --hash=sha256:593c5fd6be85da83656b93ffcccc2312d2d149d251e98588b14fbc288fd8909c \
    --hash=sha256:5bb94705aea800051a743aa4874bb1397d4695fb0583ba5e425ee0328757f196 \
    --hash=sha256:67cd427c68926108778a9005f2a04adbd5e67c442ed21d95389fe1d595458756 \
    --hash=sha256:70ca5ef3b3b1c4a0812b5c63c57c23b63e53bc38e758b37a951e5bc466449861 \
    --hash=sha256:73ddde795ee9b06257dac5ad42fcb07f3b9b813f8c1f7f870f402f4dc54b5269 \
    --hash=sha256:758e9d4ef15d3560214cddbc97b8ef3ef86ce04d62ddac17ad39ba87e89bd3b1 \
    --hash=sha256:7d33d2fae0e8b170b6a6c57400e077412240f6f5bb2a342cf1ee512a787942bb \
    --hash=sha256:7fdadc077553621911f27ce206ffcbec7d3f8d7b50e0da39f10997e8e2bb7f6a \
    --hash=sha256:8000376f139d4d38d6851eb149b321a52bb8893a88dae8ee7d95840431977081 \
    --hash=sha256:837060a8599b8f5d402e97197d4924f05a2e0d68756998345c829c33186217b1 \
    --hash=sha256:89dbdb3e6e9594d512780a5a1c42801879628b38e3efc7038094430844e271d8 \
    --hash=sha256:8c730dc3a83e5ac137fbc92dfcfe1511ce3b2b5d7578315b63dbbb76f7f51d90 \
    --hash=sha256:8e275ee4cb11c262bd108ab2081f750db2a1c0b8c12c1897f27b160c8bd57bbc \
    --hash=sha256:9044b5e4f7083f209c4e35aa5dd54b1dd5b112b108648f5c902ad586d4f945c5 \
    --hash=sha256:93a18841d09bcdd774dcdc308e4537e1f867b3dec059c131fde0327899734aa1 \
    --hash=sha256:9409c080586d1f683df3f184f20e36fb647f2e0bc3988094d4fd8c9f4eb1b3b3 \
    --hash=sha256:96f82000e12f23e4f29346e42702b6ed9a2f2fea34a740dd5ffffcc8c539eb35 \
    --hash=sha256:9aa9aeddeed452b2f616ff5507459e7bab436916ccb10961c4a382cd3e03f47f \
    --hash=sha256:9ee85f0696a17dd28fbcfceb59f9510aa71934b483d1f5601d1030c3c8304f3c \
    --hash=sha256:a07dba04c5e22824816b2615ad7a7484432d7f540e6fa86af60d2de57b0fcee2 \
    --hash=sha256:a3cd561ded2cf2bbae44d4605837221b987c216cff94f49dfeed63488bb228d2 \
    --hash=sha256:a697cd8ba0383bba3d2d3ada02b34ed268cb548b369943cd349007730c92bddf \
    --hash=sha256:a76da0a31da6fcae4210aa94fd779c65c75786bc9af06289cd1c184451ef7a65 \
    --hash=sha256:a85b653980faad27e88b141348707ceeef8a1186f75ecc600c395dcac19f385b \
    --hash=sha256:a8d65b38173085f24bc07f8b6c505cbb7418009fa1a1fcb111b1f4961814a442 \
    --hash=sha256:aa8dd43daa836b9a8128dbe7d923423e5ad86f50a7a14dc688194b7be5c0dea2 \
    --hash=sha256:ab8a209b8485d3db694fa97a896d96dd6533d63c22829043fd9de627060beade \
    --hash=sha256:abc56501c3fd148d60659aae0af6ddc149660469082859fa7b066a298bde9482 \
    --hash=sha256:ad5db5781c774ab9a9b2c4302bbf0c1014960a0a7be63278d13ae6fdf88126fe \
    --hash=sha256:ae98e14432d458fc3de11a77ccb3ae65ddce70f730e7c76140653048c71bfcbc \
    --hash=sha256:b20be51b37a75cc54c2c55def3fa2c65bb94ba859dde241cd0a4fd302de5ae0a \
    --hash=sha256:b523466b1a31d0dcef7c5be1f20b942919b62fd6e9a9be199d035509cbefc0ec \
    --hash=sha256:b5d658fbd9f0d6eea113aea286b21d3cd4d3fd978157cbf2447a6035916506d3 \
    --hash=sha256:b6123aa4a59d75f06e9dd3dac5bf8bc9aa383121bb3dd9a7a612e05eabc9961a \
    --hash=sha256:bd165131fd51697e22421d0e467997ad31621b74bfc0b75956608cb2906dda07 \
    --hash=sha256:bf902d7413c82a1bfa08b06a070876132a5ae6b2388e2712aab3a7cbc02205c6 \
    --hash=sha256:c12fc111ef090845de2bb15009372175d76ac99969bdf31e2ce9b42e4b8cd88f \
    --hash=sha256:c1eec9d950b6fe688edee07138993e54ee4ae634c51443cfb7c1e7613322718e \
    --hash=sha256:c640e5a06869c75994624551f45e5506e4256562ead981cce820d5ab39ae2192 \
    --hash=sha256:cc1331b6d5a6e144aeb5e626f4375f5b7ae9934ba620c0ac6b3e43d5e683a0f0 \
    --hash=sha256:cfd5cd998c2e36a862d0e27b2df63237e67273f2fc78f47445b14e73a810e7e6 \
    --hash=sha256:d3d8da4a631471dfaf94c10c85f5277b1f8e42ac42bade1ac67da4b4a7359b73 \
    --hash=sha256:d44ff19eea13ae4acdaaab0179fa68c0c6f2f45d66a4d8ec1eda7d6cecbcc15f \
    --hash=sha256:dd0052e9db3474df30433f83a71b9b23bd9e4ef1de13d92df21a52c0303b8ab6 \
    --hash=sha256:dd0e081319328928531df7a0e63621caf67652c8464303fd102141b785ef9547 \
    --hash=sha256:dda60aa465b861324e65a78c9f5cf0f4bc713e4309f83bc387be158b077963d9 \
    --hash=sha256:e06695e0326d05b06833b40b7ef477e475d0b1ba3a6d27da1bb48c23209bf457 \
    --hash=sha256:e1abe69aca89514737465752b4bcaf8016de61b3be1397a8fc260ba33321b3a8 \
    --hash=sha256:e267b0ed063341f3e60acd25c05200df4193e15a4a5807075cd71225a2386e26 \
    --hash=sha256:e5449ca63da169a2e6068dd0e2fcc8d91f9558aba89ff6d02121ca8ab11e79e5 \
    --hash=sha256:e63e4e5081de46517099dc30abe418122f54531a6ae2ebc8680bcd7096860eab \
    --hash=sha256:f189805c8be5ca5add39e6f899e6ce2ed824e65fb45f3c28cb2841911da19070 \
    --hash=sha256:f7955ecf5609dee9442cbface754f2c6e541d9e6eda87fad7f7a989b0bdb9d71 \
    --hash=sha256:f86d3a7a9af5d826744fabf4afd15b9dfef44fe69a98541f666f66fbb8d3fef9 \
    --hash=sha256:fbd43429d0d7ed6533b25fc993861b8fd512c42d04514a0dd6337fb3ccf22761
    # via
    #   -r recam_refine/requirements-viewer.txt
    #   imageio
pygments==2.21.0 \
    --hash=sha256:2363c69b61c4a97c838da3b130dcd6468f4848992b21a82f2a63ec34377137d9 \
    --hash=sha256:610ca751c9bc2492b38eb9a38a7fbc93edbbb2d7182edaf34e66ae493dee5c8c
    # via rich
requests==2.34.2 \
    --hash=sha256:2a0d60c172f83ac6ab31e4554906c0f3b3588d37b5cb939b1c061f4907e278e0 \
    --hash=sha256:f288924cae4e29463698d6d60bc6a4da69c89185ad1e0bcc4104f584e960b9ed
    # via viser
rich==14.3.4 \
    --hash=sha256:07e7adb4690f68864777b1450859253bed81a99a31ac321ac1817b2313558952 \
    --hash=sha256:817e02727f2b25b40ef56f5aa2217f400c8489f79ca8f46ea2b70dd5e14558a9
    # via viser
tqdm==4.70.0 \
    --hash=sha256:55b0b0dbd97462d06ebee91e4dac24ed4d4702be82b24f07e6c1d27e08cea220 \
    --hash=sha256:7f585706bfddbdebf89daac705b2dfcc16890130727d3197ca62c732b4310953
    # via viser
trimesh==4.12.2 \
    --hash=sha256:b5b5afa63c5272345f2858f7676bc8c217dc8a89f4fadf6193fe10a81b5ff2aa \
    --hash=sha256:c8ca31571ac00b112e4e160e66a2d4c3491df321f056bd33806be0485d1af9d9
    # via viser
typing-extensions==4.16.0 \
    --hash=sha256:481caa481374e813c1b176ada14e97f1f67a4539ce9cfeb3f350d78d6370c2e8 \
    --hash=sha256:dc983d19a509c94dba722ee6abd33940f7c05a89e243c47e907eb4db6f1a43e5
    # via viser
urllib3==2.7.0 \
    --hash=sha256:231e0ec3b63ceb14667c67be60f2f2c40a518cb38b03af60abc813da26505f4c \
    --hash=sha256:9fb4c81ebbb1ce9531cce37674bbc6f1360472bc18ca9a553ede278ef7276897
    # via requests
viser==1.1.0 \
    --hash=sha256:28c27da73f391fdc7a1ffc3e3d122fd8eede9d15508128bc53c7e02904169412 \
    --hash=sha256:d683accd18d457d3971e107d6269b5a9e2dcc93d2a8661544ac433542e4550e8
    # via -r recam_refine/requirements-viewer.txt
websockets==16.1.1 \
    --hash=sha256:01fbdcbac298efe19360b94bc0039c8f746f0220ba570f327577bfee81059175 \
    --hash=sha256:024193f8551a2b0eafbdd160911012c4e6c228c28430c84433253299a9e42d6a \
    --hash=sha256:04fd29a0e2fe9414a95b00e92c67ae51bf900c50c0f8a4b2dafdad621f49ea1d \
    --hash=sha256:056ae37939ed7e9974f364f5864e76e49182622d8f9751ac1903c0d09b013985 \
    --hash=sha256:0f62863e8a00a6d33c3d6566ec0b89f23787b747ffe0c3bc71ec0e76b82c94b1 \
    --hash=sha256:0ffd3031ea8bda8d61762e84220186105ba3b748b3c8da2ae4f7816fac03e573 \
    --hash=sha256:1214e673c404684b9bf7154f5cf43b45025b1a6160fac3a9e438e9c1a97e22cb \
    --hash=sha256:125f22dbefaf1554fea66fc83851490edb284ce4f501d37ffed2752f418332d9 \
    --hash=sha256:130937b167a52af203c8d58e78d67705874e82759862e3b9671a452fec4abc87 \
    --hash=sha256:1427fb4cf0d72f66333e2cacc3ff5f575bf2d7008166ce991a4a470b21d51a22 \
    --hash=sha256:195c978b065fa40910582464f99d6b15c8b314c68e0546549a55ed83f4735328 \
    --hash=sha256:1d27fa8462ad6a1cb36206a3d0640b2333340def181fae11ed7f9adeaa5c0747 \
    --hash=sha256:1db4de4a0e95673f7545d393c49eeb0c2f18ac1ef93073218c79d5cdb2ee75ab \
    --hash=sha256:1f79c89b5eb034d1722938a891916582f8f7f503f58ca22518a63c3f2cd18499 \
    --hash=sha256:23253dd5bcae3f9aaee0a1d30967a8dbd52e5d3cff93a2e5b84df57b77d4750d \
    --hash=sha256:249116b4a76063d930a46391ad56e135c286e4562a18309029fc2c73f4ed4c62 \
    --hash=sha256:29dfa8114c4a620c69591c5973860f768eac29d3fd6904f37f34266cb219c512 \
    --hash=sha256:2a606d9c24035242a3e256e9d5b77ed9cd6bccfcb7cf993e5ca3c0f6f68fb6a7 \
    --hash=sha256:2a636ff1e7a5c4edf71ef0e79adae7f25dba93b4fcbe3dc958733477ffeb0eaf \
    --hash=sha256:2bb5d041a8307d2e18782e7ce777f6fdb1e8c2f5d09291484b18c294b789d9aa \
    --hash=sha256:2e28e602bb13da44fbe518c1781a88e3b9d4c3d48d02c9bad83e546164336f57 \
    --hash=sha256:30bbe120437b5648a77d3519b7024ea09530e0b5b18d3698c5a0ae536fe0cc2e \
    --hash=sha256:34420aaa64440ebd51ac72ca8a45ef4626429438c9b02e633ae412ed43f925d3 \
    --hash=sha256:38565aca3e01ea8734e578fb2118dade0ecb0250533f29e22b8d1a7a196cf4d0 \
    --hash=sha256:387e8e4aa5df2f90b198fa3cad3478822a89cf905b6a6d6c97dc3664689640cc \
    --hash=sha256:39f2a024af5c345ffe8fcf1ee18c049c024c94df393bb09b044a6917c77bde43 \
    --hash=sha256:3df13f73af9b3b38ab1195eb299ecb67a4330c911c97ae04043ff74085728abe \
    --hash=sha256:414e596c75f74e0994084694189d7dc9229fb278e33064d6784b73ffbba3ca31 \
    --hash=sha256:41c8e77f17294c0ac18008a7309b99b34ee72247ef10b6dff4c3f8b5ac29896b \
    --hash=sha256:42290eb6db4ccaca7012656738214f8514082fb6fa40cdeb61bb9a471b52e383 \
    --hash=sha256:42f599f4d48c7e1a3338fdaac3acd075be3b3cf02d4b274f3bf2767aedd3d217 \
    --hash=sha256:43e3a9fdd7cbf7ba6040c31fae0faf84ca1474fef777c4e37912f1540f854499 \
    --hash=sha256:443aefe96b7fdb132e2a70806cca1f2af49bb3f28e47abcd7c2e9dcf4d8fa1b8 \
    --hash=sha256:46dcaa042cd1de6c59e7d9269fa63ff7572b6df40510600b678f0826b3c7af51 \
    --hash=sha256:496af849a472b531f758dbd4d61338f5000538cb1a7b3d20d9d32a264517f509 \
    --hash=sha256:49ae99bdfcae803a885c926bf14f886196e84925395bb3f568fef5c0f0979d7d \
    --hash=sha256:4b57693728576d84ede0a77987ab16881b783d2cd9f1dc180a8fbbc3f79c4428 \
    --hash=sha256:4e3b680b1e0a27457e727a0d572fd81dffa87b6dbf8b228ab57da64f7d85aead \
    --hash=sha256:4e8d01cc3bcae7bbf8167f944aeafefed590fae5693552bba9794a9df68371cc \
    --hash=sha256:5283810d2646741a0d8da2aa733d6aefa0545809afccb2a5d105a26bc45125f1 \
    --hash=sha256:53260c8930da5771cec89439bff99c20c8cb03ddb9588b980697355a83cd4bd3 \
    --hash=sha256:536676848fc5961aca9d20389951f59169508f765637a172403dc5434d722fa0 \
    --hash=sha256:54509b8e92fee4453e152b7558ddef37ce9705a044922f2095a6105e3f80c96f \
    --hash=sha256:56cd5fc4f10a9ea8aa0804bddb7b42506cf9e136046f3b4c27de8fec9e2ecba5 \
    --hash=sha256:5bfd1ac19b1b9986a9c95a82d5e23a391ebb09e12c34d7be6094b86efcc35731 \
    --hash=sha256:5c31aa7e39ee3e8a358573257f1c0bb5c52430d1b637030dd9c8cc2c282926be \
    --hash=sha256:5e3b7d601f6f84156b08cc4a5e541c2b50ad7b36cfc302b657a12477c904a5df \
    --hash=sha256:61922544a0587a13fd3f53e4c0e5e606510c7b0d9d22c8444e5fae22a06b38cb \
    --hash=sha256:6456ff333092d509127d75a638cb411afae8ff17f092635015d1902efec8a293 \
    --hash=sha256:69159730a823dde3ea8d08783e8d47ef135a6d7e8d44eb127e32b321c9db8e3e \
    --hash=sha256:69e52d175a0a7d1e13b4b67ad41c560b7d98e8c6f6126eb0bda496c784faf8c7 \
    --hash=sha256:6aaface73b9c71974c6497366d8b9628357f6c9749e09c4ea3610176c63f2ae3 \
    --hash=sha256:6abbd3e82c731c8e531714466acd5d87b5e88ac3243465337ba71d68e23ae7e3 \
    --hash=sha256:6ff9417c0ada4d0f7d212f928303e5579bdf3ace4c802fa4afabb30995da58c3 \
    --hash=sha256:7421fad442de870a8cbf2287d1cad7e706ece0dbfeba5e911df132cbdc1cb56a \
    --hash=sha256:7883388947767080f094950b342b30d35a2a06b849cd967c422fa0db72b40ea9 \
    --hash=sha256:79eace538c6a97e96d0d03d4f9d314f9677f5ed85a8a984992ffd90b13cb8a56 \
    --hash=sha256:7b1b19636af86a3c7995d4d028dbe376f39b4bf31541146f9c123582a6c94562 \
    --hash=sha256:7dfcad78ea1492ee3a9ec765cb7f51bbc17d477107aaf6b22abf7b2558d1c5a0 \
    --hash=sha256:8087e82f842609734c9b5a1330464f8e94e346ba0e18c832c08bafa4b0d63c15 \
    --hash=sha256:820fb8450edddae3812fd58cbc08e2bf22812cb248ecb5f06dbb82119a56e869 \
    --hash=sha256:8483c2096363120eea8b07c06ae7304d520f686665fffd4811fad423930a65d7 \
    --hash=sha256:84a2cef8deffbd9ab8ee0ea546a2a6a7030c28f44e6cdd4547dbfeb489eb8999 \
    --hash=sha256:86d7f0f8bdb25d2c632b72527325e4776430fd5bc61b9118de4e2b8ddb5f5b01 \
    --hash=sha256:8fe0b50da2d84535fb4f7b4bfa951280f97ce3d558a0443b541166d609e67b57 \
    --hash=sha256:90001d893bc368e302ef168d82130b4e4fdd27b85fa094682df9b667c2d48838 \
    --hash=sha256:9246a0d063cfcbcc85f2359dd6876d681213f4790832272aa16641b4ed5d64d4 \
    --hash=sha256:92b820d345f7a3fc7b8163949ee92df910f290c3fc517b3d5301c78065adafe1 \
    --hash=sha256:952303a7318d4cbe1011400839bb2051c9f84fa0a35923267f5daba34b15d458 \
    --hash=sha256:97fd3a0e8b53efa41970ac1dff3d8cf0d2884cadeb4caaf95db7ad1526926ee3 \
    --hash=sha256:9c1c5705e314449e3308872fe084b8571ce078ee4fc55a98a769bdefe5917392 \
    --hash=sha256:9c9f23004a3d40e89c01a7955d186a6cc83418d93b749701944ce2de3e95a1f3 \
    --hash=sha256:9f63bcef7f4b02b06b35fc01c93b96c43b5e88e1e8868676caacf493d5a31f3a \
    --hash=sha256:a0eadbbf2c30f01efa58e1f110eb6fa293261f6b0b1aa38f7f48707107690af9 \
    --hash=sha256:a28fcbc9b6baf54a2e23f8655f308e4ccc6afdd7266f8fe7954f320dcda0f785 \
    --hash=sha256:a6a61aff018180c9c50b7b0da33bfd29d378af3497429c95006c589a23a11648 \
    --hash=sha256:aabe464bfd13bd25f4821faf111da6fefdc389f870265a53105580e45b0a2e49 \
    --hash=sha256:ab59169ace05dcb49a1d4118f0bde139557adf45091bd85747e36bf5de984dd1 \
    --hash=sha256:b436f6ec4fc3a6b4237c84d3f83170ed2b40bb584222f0ac47a0c8a5921980c7 \
    --hash=sha256:b6b9dadbef0cccd9f4c4ee96b08898afa73e26803bbe0f6aeb5bb12b0074206d \
    --hash=sha256:b852788aa51764e2d8e4cf5493d559326bcae5e38d16ba25ffa322b034df272a \
    --hash=sha256:bae954c382e013d5ea5b190d2830526bfa45ad121c326da0049b8c769f185db6 \
    --hash=sha256:bcce07e23e5769375158f5efdcdafa8d5cd014b93c6683865b840ed65b96f231 \
    --hash=sha256:cc97814dfb786a83b6e2dc2e79351e1b83e6d715647d6887fcabd83026417a00 \
    --hash=sha256:cd2ca96a082a36964aca83e992f72abeb61b7306c1a6cba4c7d06a7b93750cac \
    --hash=sha256:cfb70b4eb56cac4da0a83588f3ad50d46beb0690391082f3d4e2d488c70b68ea \
    --hash=sha256:d0fcf657e9f13ff4b177960ab2200237b12994232dfb6df16f1cfe1d4339f93c \
    --hash=sha256:d14bfb217eb4701e850f1525c9d29d79c44794cdf1c299ead25f39f8c78dea81 \
    --hash=sha256:d57685547e0060cc6fd90ee6a28405d6bd395e525545f13c8d7cd99c78afd79f \
    --hash=sha256:d6bec75c290fe484a8ba4cacdf838501e17c06ecfbbf31eede81a9e431bd7751 \
    --hash=sha256:d9531d9cbeac99af6f038fb1bc351403531f7d634a2c2e10e2f7c854c6ed5b68 \
    --hash=sha256:da4ca1a9d72f9030b3146b8d7022719a9f3d478f61efe6f7dd51d243f61c51b2 \
    --hash=sha256:dab9eb87869da2d6ed3af3f3adf28414baae6ec9d4df355ffc18889132f3436c \
    --hash=sha256:db234eda965dcce15df96bb9709f587cd87d4d52aaf0e80e2f34ec04c7670c57 \
    --hash=sha256:dc0fad4933f427acd5b1cec210f3ea6dce7089e1724e4b9ec6ef47c6c04d1b3b \
    --hash=sha256:dc385593a42e31cd6fb60c19f0ecb015b386603818fc2c6c274fb42bd2bb4165 \
    --hash=sha256:dcc04fedf83effaeb9cce98abc9469bb1b42ef85f03e01c8c1f4438ef7555737 \
    --hash=sha256:e047dc87ef7ca50f4d309bf775ad4a71711c58556d75d7bd0604b2317f43e94b \
    --hash=sha256:e09f753a169951eb4f28c2c774f71069304f66e7277e0f5a2892423599cfa854 \
    --hash=sha256:ed5bb271084b46530ee2ddc0410537a9961152c5ccba2fc98c5276d992ccba87 \
    --hash=sha256:f0aa4aad3b1b69ad3fd85a0fd0952ec64331c762bd77ec51cc814170873890b2 \
    --hash=sha256:f17dbe07eb3ea7f99e4df9b7e0efefe80fbf30d37a8cc4d561a0aed310bc8847 \
    --hash=sha256:f2769a0344a09e9ccf5b3cce538bc75a51b53eff3275d3896310c8552049195d \
    --hash=sha256:f55f0b01956a094c8587146d9558c91937e78789c333860ffaf35931a6e5dbc4 \
    --hash=sha256:f5d497865f05bb222cab7016c6034542e84e5f29f49c6fd3f4939cda7197b5b8 \
    --hash=sha256:f70541f3104339f59f830522d94ebadb1bf47426287381623443d8bb1cdbf33d \
    --hash=sha256:fb9a0a6dc3d1b3986cb88091b6899f0396651e0f74e2c9766ab8d6ffc3842e29 \
    --hash=sha256:fce6c48559c86d1ac3632ccb1bebc7d5442fbe79bd9bb0e40379ee54be2a4051 \
    --hash=sha256:fd46fff7eb62c24804d234f0051c7a8ea81285ad63e0337d3dcf33ca82aee58a
    # via viser
zstandard==0.25.0 \
    --hash=sha256:011d388c76b11a0c165374ce660ce2c8efa8e5d87f34996aa80f9c0816698b64 \
    --hash=sha256:01582723b3ccd6939ab7b3a78622c573799d5d8737b534b86d0e06ac18dbde4a \
    --hash=sha256:05353cef599a7b0b98baca9b068dd36810c3ef0f42bf282583f438caf6ddcee3 \
    --hash=sha256:05df5136bc5a011f33cd25bc9f506e7426c0c9b3f9954f056831ce68f3b6689f \
    --hash=sha256:06acb75eebeedb77b69048031282737717a63e71e4ae3f77cc0c3b9508320df6 \
    --hash=sha256:07b527a69c1e1c8b5ab1ab14e2afe0675614a09182213f21a0717b62027b5936 \
    --hash=sha256:0bbc9a0c65ce0eea3c34a691e3c4b6889f5f3909ba4822ab385fab9057099431 \
    --hash=sha256:0be7622c37c183406f3dbf0cba104118eb16a4ea7359eeb5752f0794882fc250 \
    --hash=sha256:106281ae350e494f4ac8a80470e66d1fe27e497052c8d9c3b95dc4cf1ade81aa \
    --hash=sha256:10ef2a79ab8e2974e2075fb984e5b9806c64134810fac21576f0668e7ea19f8f \
    --hash=sha256:1673b7199bbe763365b81a4f3252b8e80f44c9e323fc42940dc8843bfeaf9851 \
    --hash=sha256:172de1f06947577d3a3005416977cce6168f2261284c02080e7ad0185faeced3 \
    --hash=sha256:181eb40e0b6a29b3cd2849f825e0fa34397f649170673d385f3598ae17cca2e9 \
    --hash=sha256:1869da9571d5e94a85a5e8d57e4e8807b175c9e4a6294e3b66fa4efb074d90f6 \
    --hash=sha256:19796b39075201d51d5f5f790bf849221e58b48a39a5fc74837675d8bafc7362 \
    --hash=sha256:1cd5da4d8e8ee0e88be976c294db744773459d51bb32f707a0f166e5ad5c8649 \
    --hash=sha256:1f3689581a72eaba9131b1d9bdbfe520ccd169999219b41000ede2fca5c1bfdb \
    --hash=sha256:1f830a0dac88719af0ae43b8b2d6aef487d437036468ef3c2ea59c51f9d55fd5 \
    --hash=sha256:223415140608d0f0da010499eaa8ccdb9af210a543fac54bce15babbcfc78439 \
    --hash=sha256:22a06c5df3751bb7dc67406f5374734ccee8ed37fc5981bf1ad7041831fa1137 \
    --hash=sha256:22a086cff1b6ceca18a8dd6096ec631e430e93a8e70a9ca5efa7561a00f826fa \
    --hash=sha256:23ebc8f17a03133b4426bcc04aabd68f8236eb78c3760f12783385171b0fd8bd \
    --hash=sha256:25f8f3cd45087d089aef5ba3848cd9efe3ad41163d3400862fb42f81a3a46701 \
    --hash=sha256:2b6bd67528ee8b5c5f10255735abc21aa106931f0dbaf297c7be0c886353c3d0 \
    --hash=sha256:2e54296a283f3ab5a26fc9b8b5d4978ea0532f37b231644f367aa588930aa043 \
    --hash=sha256:3756b3e9da9b83da1796f8809dd57cb024f838b9eeafde28f3cb472012797ac1 \
    --hash=sha256:37daddd452c0ffb65da00620afb8e17abd4adaae6ce6310702841760c2c26860 \
    --hash=sha256:3a39c94ad7866160a4a46d772e43311a743c316942037671beb264e395bdd611 \
    --hash=sha256:3b870ce5a02d4b22286cf4944c628e0f0881b11b3f14667c1d62185a99e04f53 \
    --hash=sha256:3c83b0188c852a47cd13ef3bf9209fb0a77fa5374958b8c53aaa699398c6bd7b \
    --hash=sha256:4203ce3b31aec23012d3a4cf4a2ed64d12fea5269c49aed5e4c3611b938e4088 \
    --hash=sha256:457ed498fc58cdc12fc48f7950e02740d4f7ae9493dd4ab2168a47c93c31298e \
    --hash=sha256:474d2596a2dbc241a556e965fb76002c1ce655445e4e3bf38e5477d413165ffa \
    --hash=sha256:4b14abacf83dfb5c25eb4e4a79520de9e7e205f72c9ee7702f91233ae57d33a2 \
    --hash=sha256:4b6d83057e713ff235a12e73916b6d356e3084fd3d14ced499d84240f3eecee0 \
    --hash=sha256:4d441506e9b372386a5271c64125f72d5df6d2a8e8a2a45a0ae09b03cb781ef7 \
    --hash=sha256:4f187a0bb61b35119d1926aee039524d1f93aaf38a9916b8c4b78ac8514a0aaf \
    --hash=sha256:51526324f1b23229001eb3735bc8c94f9c578b1bd9e867a0a646a3b17109f388 \
    --hash=sha256:53e08b2445a6bc241261fea89d065536f00a581f02535f8122eba42db9375530 \
    --hash=sha256:53f94448fe5b10ee75d246497168e5825135d54325458c4bfffbaafabcc0a577 \
    --hash=sha256:5a56ba0db2d244117ed744dfa8f6f5b366e14148e00de44723413b2f3938a902 \
    --hash=sha256:5f1ad7bf88535edcf30038f6919abe087f606f62c00a87d7e33e7fc57cb69fcc \
    --hash=sha256:5f5e4c2a23ca271c218ac025bd7d635597048b366d6f31f420aaeb715239fc98 \
    --hash=sha256:6a573a35693e03cf1d67799fd01b50ff578515a8aeadd4595d2a7fa9f3ec002a \
    --hash=sha256:6c0e5a65158a7946e7a7affa6418878ef97ab66636f13353b8502d7ea03c8097 \
    --hash=sha256:6dffecc361d079bb48d7caef5d673c88c8988d3d33fb74ab95b7ee6da42652ea \
    --hash=sha256:7030defa83eef3e51ff26f0b7bfb229f0204b66fe18e04359ce3474ac33cbc09 \
    --hash=sha256:7149623bba7fdf7e7f24312953bcf73cae103db8cae49f8154dd1eadc8a29ecb \
    --hash=sha256:72d35d7aa0bba323965da807a462b0966c91608ef3a48ba761678cb20ce5d8b7 \
    --hash=sha256:75ffc32a569fb049499e63ce68c743155477610532da1eb38e7f24bf7cd29e74 \
    --hash=sha256:7713e1179d162cf5c7906da876ec2ccb9c3a9dcbdffef0cc7f70c3667a205f0b \
    --hash=sha256:78228d8a6a1c177a96b94f7e2e8d012c55f9c760761980da16ae7546a15a8e9b \
    --hash=sha256:7b3c3a3ab9daa3eed242d6ecceead93aebbb8f5f84318d82cee643e019c4b73b \
    --hash=sha256:809c5bcb2c67cd0ed81e9229d227d4ca28f82d0f778fc5fea624a9def3963f91 \
    --hash=sha256:81dad8d145d8fd981b2962b686b2241d3a1ea07733e76a2f15435dfb7fb60150 \
    --hash=sha256:85304a43f4d513f5464ceb938aa02c1e78c2943b29f44a750b48b25ac999a049 \
    --hash=sha256:89c4b48479a43f820b749df49cd7ba2dbc2b1b78560ecb5ab52985574fd40b27 \
    --hash=sha256:8e735494da3db08694d26480f1493ad2cf86e99bdd53e8e9771b2752a5c0246a \
    --hash=sha256:913cbd31a400febff93b564a23e17c3ed2d56c064006f54efec210d586171c00 \
    --hash=sha256:9174f4ed06f790a6869b41cba05b43eeb9a35f8993c4422ab853b705e8112bbd \
    --hash=sha256:9300d02ea7c6506f00e627e287e0492a5eb0371ec1670ae852fefffa6164b072 \
    --hash=sha256:933b65d7680ea337180733cf9e87293cc5500cc0eb3fc8769f4d3c88d724ec5c \
    --hash=sha256:9654dbc012d8b06fc3d19cc825af3f7bf8ae242226df5f83936cb39f5fdc846c \
    --hash=sha256:98750a309eb2f020da61e727de7d7ba3c57c97cf6213f6f6277bb7fb42a8e065 \
    --hash=sha256:99c0c846e6e61718715a3c9437ccc625de26593fea60189567f0118dc9db7512 \
    --hash=sha256:a1a4ae2dec3993a32247995bdfe367fc3266da832d82f8438c8570f989753de1 \
    --hash=sha256:a3f79487c687b1fc69f19e487cd949bf3aae653d181dfb5fde3bf6d18894706f \
    --hash=sha256:a4089a10e598eae6393756b036e0f419e8c1d60f44a831520f9af41c14216cf2 \
    --hash=sha256:a51ff14f8017338e2f2e5dab738ce1ec3b5a851f23b18c1ae1359b1eecbee6df \
    --hash=sha256:a5a419712cf88862a45a23def0ae063686db3d324cec7edbe40509d1a79a0aab \
    --hash=sha256:a9ec8c642d1ec73287ae3e726792dd86c96f5681eb8df274a757bf62b750eae7 \
    --hash=sha256:aaf21ba8fb76d102b696781bddaa0954b782536446083ae3fdaa6f16b25a1c4b \
    --hash=sha256:ab85470ab54c2cb96e176f40342d9ed41e58ca5733be6a893b730e7af9c40550 \
    --hash=sha256:b9af1fe743828123e12b41dd8091eca1074d0c1569cc42e6e1eee98027f2bbd0 \
    --hash=sha256:bfc4e20784722098822e3eee42b8e576b379ed72cca4a7cb856ae733e62192ea \
    --hash=sha256:bfd06b1c5584b657a2892a6014c2f4c20e0db0208c159148fa78c65f7e0b0277 \
    --hash=sha256:c19bcdd826e95671065f8692b5a4aa95c52dc7a02a4c5a0cac46deb879a017a2 \
    --hash=sha256:c2ba942c94e0691467ab901fc51b6f2085ff48f2eea77b1a48240f011e8247c7 \
    --hash=sha256:c8e167d5adf59476fa3e37bee730890e389410c354771a62e3c076c86f9f7778 \
    --hash=sha256:ca54090275939dc8ec5dea2d2afb400e0f83444b2fc24e07df7fdef677110859 \
    --hash=sha256:d7541afd73985c630bafcd6338d2518ae96060075f9463d7dc14cfb33514383d \
    --hash=sha256:d8c56bb4e6c795fc77d74d8e8b80846e1fb8292fc0b5060cd8131d522974b751 \
    --hash=sha256:da469dc041701583e34de852d8634703550348d5822e66a0c827d39b05365b12 \
    --hash=sha256:daab68faadb847063d0c56f361a289c4f268706b598afbf9ad113cbe5c38b6b2 \
    --hash=sha256:e05ab82ea7753354bb054b92e2f288afb750e6b439ff6ca78af52939ebbc476d \
    --hash=sha256:e09bb6252b6476d8d56100e8147b803befa9a12cea144bbe629dd508800d1ad0 \
    --hash=sha256:e29f0cf06974c899b2c188ef7f783607dbef36da4c242eb6c82dcd8b512855e3 \
    --hash=sha256:e59fdc271772f6686e01e1b3b74537259800f57e24280be3f29c8a0deb1904dd \
    --hash=sha256:e7360eae90809efd19b886e59a09dad07da4ca9ba096752e61a2e03c8aca188e \
    --hash=sha256:e96594a5537722fdfb79951672a2a63aec5ebfb823e7560586f7484819f2a08f \
    --hash=sha256:ea9d54cc3d8064260114a0bbf3479fc4a98b21dffc89b3459edd506b69262f6e \
    --hash=sha256:ec996f12524f88e151c339688c3897194821d7f03081ab35d31d1e12ec975e94 \
    --hash=sha256:f27662e4f7dbf9f9c12391cb37b4c4c3cb90ffbd3b1fb9284dadbbb8935fa708 \
    --hash=sha256:f373da2c1757bb7f1acaf09369cdc1d51d84131e50d5fa9863982fd626466313 \
    --hash=sha256:f5aeea11ded7320a84dcdd62a3d95b5186834224a9e55b92ccae35d21a8b63d4 \
    --hash=sha256:f604efd28f239cc21b3adb53eb061e2a205dc164be408e553b41ba2ffe0ca15c \
    --hash=sha256:f67e8f1a324a900e75b5e28ffb152bcac9fbed1cc7b43f99cd90f395c4375344 \
    --hash=sha256:fd7a5004eb1980d3cefe26b2685bcb0b17989901a70a1040d1ac86f1d898c551 \
    --hash=sha256:ffef5a74088f1e09947aecf91011136665152e0b4b359c42be3373897fb39b01
    # via viser
